
Microsoft Visual Studio Solution File, Format Version 12.00
# Visual Studio Version 17
VisualStudioVersion = 17.3.32922.545
MinimumVisualStudioVersion = 10.0.40219.1
Project("{FAE04EC0-301F-11D3-BF4B-00C04F79EFBC}") = "Orza_Iasmina_Lab2", "Orza_Iasmina_Lab2.csproj", "{436EE7B0-7081-4E3F-BB7E-8C5190815800}"
EndProject
Global
	GlobalSection(SolutionConfigurationPlatforms) = preSolution
		Debug|Any CPU = Debug|Any CPU
		Release|Any CPU = Release|Any CPU
	EndGlobalSection
	GlobalSection(ProjectConfigurationPlatforms) = postSolution
		{436EE7B0-7081-4E3F-BB7E-8C5190815800}.Debug|Any CPU.ActiveCfg = Debug|Any CPU
		{436EE7B0-7081-4E3F-BB7E-8C5190815800}.Debug|Any CPU.Build.0 = Debug|Any CPU
		{436EE7B0-7081-4E3F-BB7E-8C5190815800}.Release|Any CPU.ActiveCfg = Release|Any CPU
		{436EE7B0-7081-4E3F-BB7E-8C5190815800}.Release|Any CPU.Build.0 = Release|Any CPU
	EndGlobalSection
	GlobalSection(SolutionProperties) = preSolution
		HideSolutionNode = FALSE
	EndGlobalSection
	GlobalSection(ExtensibilityGlobals) = postSolution
		SolutionGuid = {9669C27D-3148-4CF0-A005-ADB6CBC6A78A}
	EndGlobalSection
EndGlobal
